
Microsoft Visual Studio Solution File, Format Version 12.00
# Visual Studio Version 16
VisualStudioVersion = 16.0.30503.244
MinimumVisualStudioVersion = 10.0.40219.1
Project("{FAE04EC0-301F-11D3-BF4B-00C04F79EFBC}") = "Week 3", "Week 3\Week 3.csproj", "{36DFFFE0-13FA-4A8D-8890-E64A1C7ACF16}"
EndProject
Global
	GlobalSection(SolutionConfigurationPlatforms) = preSolution
		Debug|Any CPU = Debug|Any CPU
		Release|Any CPU = Release|Any CPU
	EndGlobalSection
	GlobalSection(ProjectConfigurationPlatforms) = postSolution
		{36DFFFE0-13FA-4A8D-8890-E64A1C7ACF16}.Debug|Any CPU.ActiveCfg = Debug|Any CPU
		{36DFFFE0-13FA-4A8D-8890-E64A1C7ACF16}.Debug|Any CPU.Build.0 = Debug|Any CPU
		{36DFFFE0-13FA-4A8D-8890-E64A1C7ACF16}.Release|Any CPU.ActiveCfg = Release|Any CPU
		{36DFFFE0-13FA-4A8D-8890-E64A1C7ACF16}.Release|Any CPU.Build.0 = Release|Any CPU
	EndGlobalSection
	GlobalSection(SolutionProperties) = preSolution
		HideSolutionNode = FALSE
	EndGlobalSection
	GlobalSection(ExtensibilityGlobals) = postSolution
		SolutionGuid = {04162531-DB9C-40C0-849C-5F0B0A0516A8}
	EndGlobalSection
EndGlobal
